
Microsoft Visual Studio Solution File, Format Version 12.00
# Visual Studio Version 16
VisualStudioVersion = 16.0.32630.194
MinimumVisualStudioVersion = 10.0.40219.1
Project("{9A19103F-16F7-4668-BE54-9A1E7A4F7556}") = "ClinicSistem-backend", "ClinicSistem-backend.csproj", "{3E00F867-64EC-43CA-8837-DB3834858116}"
EndProject
Global
	GlobalSection(SolutionConfigurationPlatforms) = preSolution
		Debug|Any CPU = Debug|Any CPU
		Release|Any CPU = Release|Any CPU
	EndGlobalSection
	GlobalSection(ProjectConfigurationPlatforms) = postSolution
		{3E00F867-64EC-43CA-8837-DB3834858116}.Debug|Any CPU.ActiveCfg = Debug|Any CPU
		{3E00F867-64EC-43CA-8837-DB3834858116}.Debug|Any CPU.Build.0 = Debug|Any CPU
		{3E00F867-64EC-43CA-8837-DB3834858116}.Release|Any CPU.ActiveCfg = Release|Any CPU
		{3E00F867-64EC-43CA-8837-DB3834858116}.Release|Any CPU.Build.0 = Release|Any CPU
	EndGlobalSection
	GlobalSection(SolutionProperties) = preSolution
		HideSolutionNode = FALSE
	EndGlobalSection
	GlobalSection(ExtensibilityGlobals) = postSolution
		SolutionGuid = {03ADBAE0-3140-4C6D-BBB9-1D11EEB805C2}
	EndGlobalSection
EndGlobal
